
Microsoft Visual Studio Solution File, Format Version 12.00
# Visual Studio Version 16
VisualStudioVersion = 16.0.31702.278
MinimumVisualStudioVersion = 10.0.40219.1
Project("{FAE04EC0-301F-11D3-BF4B-00C04F79EFBC}") = "CalculatorTest", "CalculatorTest.csproj", "{5609D2A4-A422-4BF5-AFAE-D99B4A8037FF}"
EndProject
Project("{FAE04EC0-301F-11D3-BF4B-00C04F79EFBC}") = "CalculatorTestNunit", "..\CalculatorTestNunit\CalculatorTestNunit.csproj", "{6B2F1707-CB05-4DB5-AEE2-DE892318F358}"
EndProject
Global
	GlobalSection(SolutionConfigurationPlatforms) = preSolution
		Debug|Any CPU = Debug|Any CPU
		Release|Any CPU = Release|Any CPU
	EndGlobalSection
	GlobalSection(ProjectConfigurationPlatforms) = postSolution
		{5609D2A4-A422-4BF5-AFAE-D99B4A8037FF}.Debug|Any CPU.ActiveCfg = Debug|Any CPU
		{5609D2A4-A422-4BF5-AFAE-D99B4A8037FF}.Debug|Any CPU.Build.0 = Debug|Any CPU
		{5609D2A4-A422-4BF5-AFAE-D99B4A8037FF}.Release|Any CPU.ActiveCfg = Release|Any CPU
		{5609D2A4-A422-4BF5-AFAE-D99B4A8037FF}.Release|Any CPU.Build.0 = Release|Any CPU
		{6B2F1707-CB05-4DB5-AEE2-DE892318F358}.Debug|Any CPU.ActiveCfg = Debug|Any CPU
		{6B2F1707-CB05-4DB5-AEE2-DE892318F358}.Debug|Any CPU.Build.0 = Debug|Any CPU
		{6B2F1707-CB05-4DB5-AEE2-DE892318F358}.Release|Any CPU.ActiveCfg = Release|Any CPU
		{6B2F1707-CB05-4DB5-AEE2-DE892318F358}.Release|Any CPU.Build.0 = Release|Any CPU
	EndGlobalSection
	GlobalSection(SolutionProperties) = preSolution
		HideSolutionNode = FALSE
	EndGlobalSection
	GlobalSection(ExtensibilityGlobals) = postSolution
		SolutionGuid = {121E081F-2361-4605-A8B6-61F44E1AA27B}
	EndGlobalSection
EndGlobal
